# One line per shipped step of src/store/migrations.rs: `<version> <sha256 of its SQL>`.
# Append-only. `migrations_lock_matches_every_shipped_step` fails when a locked step is
# edited, moved or removed; append new steps' hashes with
#   FORGE_LOCK_MIGRATIONS=1 cargo test --bin forge migrations_lock_matches_every_shipped_step
1 ae19aef59107199e7921dbad3a012fa8b13936294e94aaaa2267375eef1aae4d
2 4edefb15834d4805b6496db9a609112b0753dbbd20c11ee00293f94bd2bddf9f
3 28311cbc1a3fd7f6ef319f276b78f1b3609407a574a79fd9701c9c23910e3599
4 6de9ba1d2b8b1c3559c697f0705df607f326797c732bd1a4e3a95693517b9313
5 e1157c4632f7e33bfae823fdf120362fb6c50edecf8f7e1a31cf6a104ec75986
6 7ab31582f8fd4847daf3dbff89d82ee1761753bc5e111323b9e81a71b86fba33
7 713b4c84bc2a4391cf84d43fba9cc4f2ad572b70bddfedda023ffce25ed0abaf
8 8da0196cfc336254a4564fd8a165bb5136f0d6e73f9eb2ff19c68c9d1371019d
9 e63ac9bf6f742ea21fab3eb27aa4d168af44d6d4b599744513586352f1c69c31
10 172f1064c637e89d8263f508a150a8c90d17ee338d0d41ff540d9e9258531c60
11 f374bd2eca98fc167a8ac41d232ec530c0901afbf32e8f857a196f6382b1a2dd
12 2e97414b14bf7ceee2df1e341e85fec4a748d04d91628ededf1f4faf214d6fbd
13 1f30d06f0018d6face5e9f7087119ff72dc98d2a8b4b8bf2acee02ef4fabb30c
14 524d8604b4e0e6cfe8455b5e99ebff1746fad083c8c45ce763d6f8d403abb7cd
15 268ad480463b425ad83462082f2651ba87d572a2a501cd1268546687b5839ed4
16 82542d1dcd2ce769f23ee61da3a2ef7853bbaea29d4b6419374d331636404c9b
17 445dfdc51fd82262f25205cfd867c9c8167941f36c9b0eb40dd0fa01081667ff
18 7644eb227b39a56ef7b16c25dcaec716d42b162122917fc2f5485d8f51ccb9e4
19 30ef86975a7351735f71d6651c04ee53dcc9bc6f5fa383b7e7ca4b2fa9d4cbc5
20 b1ecc63107fc6fa4e66e07d6139cc4c4e2d5e65d9ac7f422b8f74f72a970ae53
21 499ba7b53f198a8181b430c2b5f09b86ffec57de7109ef7feaa39d458512b7e1
22 5a5738895555c0539ed03318c364a15fcede3507ecf839a54fff435dbf26e2f4
23 4492eb4ac104dd9cf0b6081ef9f7afc40dc26715a5732c75c2fdc4a9a4eeb024
24 a5a851c66a1d3b39c65f0daebfaaa71dc8479c52b78c36c633bdabed1e57988a
25 06256f840d07fa9b30878e8a083e042440014031569ebdf489d05b5e9ce510cf
26 6ebdca1fbff828b3e2dbec5af6d0db20247f8c3160a2481bdce4db08b7c0acd0
27 7a464e15cd093b5b043f66c09c978124d8e13e37df37d293beff7041adf2bc40
28 8f5ccde5cabe2106e725a18936353844c1cd873104fb0b3cfac621beba90a171
29 507a24b6987fc38cb194050a8081aff8b7f36a731f98828a83a7249f4119642d
30 f7abefaebdbb4c5cb3f876f09249d1c136b0b9502fa8787ef45714d8afe3371f
31 28ed0489339b98923a328281ef9ce7e282f5323e213df4cb8d4323cc9683b0a6
32 a68b052cd834cc702d316891a512c504256c1011556d3cadc166325cbd7baf7e
33 86f42e67f74986fb6e28d18d1730fd1f9f947cc1778221c65cf1d9b585a10aab
34 f143a7bdbdc01e556ef3a152b3a33dd5222217365641a36c9454be8d73996444
35 d0075a35bbcdf3bdae77877684156172495bab895164338a76acd87e730e7936
36 1e40d10a8060597b22329a7a2c3ea1bfdbab1cbe3da0df4f31781baea0951e5e
37 fa7dd6ce3f99169dd8fbe7be498915f6cc25d431ae4750bad7c079efce2b5b0b
38 d28f54c810b122463946ded38cd1bb453285acd0e0cd352f498150d285b33e9b
39 dfee9fd2fb5501f1f0ae2f58780e30d061c086617ecc1d45a299b8abf63f94cf
40 c1c8a347f3c2bd39fbffe97749e50605f202df062fcac4d75d725b78f1a26a43
41 a77f5b16ccf48b5bfd122d169f9d3697dff2080a4f2d71670edcb2090a1bc534
42 53749a0f2d81f9ecf7333460426ecd6d1b3222b09ea0c5da960c6174ef898b3f
43 9e3c75c4c35a9d5546e28c28ee2fcfb5dbd648823644d79ae0b294b463104fce
44 581f5186dae43e7eda964fedb31ac11e7b14c616f5cc5ed418984a6672513b6c
45 cd6d683ef776a48d59eb547fee36ce46522aadb810b29323489d75bceee846f4
46 63eafca238d0f7fd38acfbd21b570f670e26651b49eae754b96fd6076c200486
47 e8156c78d286124ded7fe1034365a898b1ffa700bfd73dd952cb74a6944af6ae
48 80f7b30eaa3826f8473f462d25cfe7d21a2e978d9260a5a7762efca5716b6a03
49 add07127fe572c88b924e09de97ce38c8dd780e42129bd1fb3eaab679e4eb871
50 8ea680d0bc7fd2cf42a364bd9f3172e0e8352cef7fe5a07d80d454e09e61be66
51 ac65f0429871e77b1d36c17208fbe201e92a116d4ddb3ea40adafc4d115e7e4e
52 64de06b75cdb5db8dfefc5c8d87c943680255d634d19052530e93f22b1f17aeb
53 d04f56448d2e3feba8ee9563838525a8700095e2dc86aef35b858a4e2094a889
54 0ca5d0c503977f92a0820bf4f858703d39d4dd279712aa7cb7482ca9a18100e4
55 a619f394e926fe8ab576d742be5af428322905a086937c4ab0c51a0995c3e27e
56 16962f8a7176169908c751cd9c99ced7fd4dc167f9853812e439b18e07677679
57 5e83051bc44e3e3213592d2788152349f53523be28506f75a969872efaeeabc7
58 ebc8dee3c42f5fc987d887ef79525588eef24b9385987fdddb859118e0c6aaa2
59 e2a31298aff418fab59492aa9218edf4a5f7cb10534abe3cfc95917c2227571d
60 103bb013c50a978291dabdbfc1a7ea90788e29997f801cfe3b120b7755efc29a
61 21ad77a8794e3b32089ec9b1da320449e7f88b5312db3c32551e43464e91577d
62 c80e4e65c0fe62df74e4ec0227af7ce29f05a12b1714e3e0f3bad6f9793250d5
63 c6241f86681e4aedd92c2751a957f1eda27ed6b7bf4163e5bebf000ae8d79ae5
64 e96804b408f7135f3cc40d6be207607dac5d3bc934a32d8aeedb033b7ef164e8
65 14393ccaf15dae1256d1908f7f8f9821bca391d8b8ed0d9ef1afe2477bef4a2e
66 dc6f860ea94abd8116b67c8efba836aefeaab94813042df31a2aa8c5e20d2e29
67 753d7a06305e76bc17aabe5a6268cc547fb7ab1ca9ce0d8fcd2f7f24d4f2e446
68 efd9af142a48ae5c578b1144bf64e049e9e4aded4b32912af3cc0a3c01a9f894
69 2609c55a9211358c2cd5140ec90eb663fd15035441e592633d114633891564bd
70 8574e5ad5bf2a5e91d953cdf171dbc400da9cb224ab29904c8cb99208c7871bd
71 f3c61c51f4e19ba688a0893273ecd2ef318ad1974d7758c6e2964dcecf579ae6
72 82563fb0f2d45173833fe11f1c35c92186ce9e9fc9b607ba00587efe0b40eb07
73 b1776ac43f008c1da6b411c8e217b36a05aa39a7816e0e51d7c7206ffb63eed0
74 559529a4e05af260f06ae057c39b8f59593823e9bee276a5bfef2fd8ed4e35b4
75 0f3eaddaf7201c655bed03a16bd1daeb0fc8d07f43461eaa4505c37dd6d60dfc
76 f18b9ab8d6da1ebdda1c900ad1a4871899a93e975dca6f399271e0b6ff74f9c7
77 63a8691ef118c6b467915b4f44fbb56bcfb0662f3012cab4937f56b784df1e4f
78 63bd7237babda1f4bbb12339b18eeadd3aff6bbd1558238b4b3b67b8c7251562
79 7053c0144efb0df9b204315dd7e6cac969f4b3ec33353e6d802eec1a9f759d56
80 1b9cfd6b5cdf4398c28d8120198af6a0d98e0ccf171e54e311915886d4fa6d1f
81 0bcc90153d30c13c3a3b328154bebfcd7c660b5c9a1124f2614441da6d3a24f8
82 1322e689bd56391359213abde11bb9e156f204df611709251d62f0758ec389d3
83 aacc784a8c7732cb646b0ecc0501f796743f92dd54f9187b10f8413b23019a4b
